
Microsoft Visual Studio Solution File, Format Version 12.00
# Visual Studio Version 17
VisualStudioVersion = 17.8.34408.163
MinimumVisualStudioVersion = 10.0.40219.1
Project("{FAE04EC0-301F-11D3-BF4B-00C04F79EFBC}") = "Practice3DataSetWPF", "Practice3DataSetWPF.csproj", "{A3B72975-2286-4CA9-9EC1-279A5785F7CB}"
EndProject
Global
	GlobalSection(SolutionConfigurationPlatforms) = preSolution
		Debug|Any CPU = Debug|Any CPU
		Release|Any CPU = Release|Any CPU
	EndGlobalSection
	GlobalSection(ProjectConfigurationPlatforms) = postSolution
		{A3B72975-2286-4CA9-9EC1-279A5785F7CB}.Debug|Any CPU.ActiveCfg = Debug|Any CPU
		{A3B72975-2286-4CA9-9EC1-279A5785F7CB}.Debug|Any CPU.Build.0 = Debug|Any CPU
		{A3B72975-2286-4CA9-9EC1-279A5785F7CB}.Release|Any CPU.ActiveCfg = Release|Any CPU
		{A3B72975-2286-4CA9-9EC1-279A5785F7CB}.Release|Any CPU.Build.0 = Release|Any CPU
	EndGlobalSection
	GlobalSection(SolutionProperties) = preSolution
		HideSolutionNode = FALSE
	EndGlobalSection
	GlobalSection(ExtensibilityGlobals) = postSolution
		SolutionGuid = {3BCA4C7F-78A9-4CA0-9A62-0E8A54C87E85}
	EndGlobalSection
EndGlobal
